// !$*UTF8*$!
{
	archiveVersion = 1;
	classes = {
	};
	objectVersion = 46;
	objects = {

/* Begin PBXBuildFile section */
		771DDD96190BF19E0041D656 /* XCTest.framework in Frameworks */ = {isa = PBXBuildFile; fileRef = 771DDD95190BF19E0041D656 /* XCTest.framework */; };
		771DDD9C190BF19E0041D656 /* InfoPlist.strings in Resources */ = {isa = PBXBuildFile; fileRef = 771DDD9A190BF19E0041D656 /* InfoPlist.strings */; };
		771DDDA4190BF2830041D656 /* CGFloatTypeSpec.m in Sources */ = {isa = PBXBuildFile; fileRef = 771DDDA3190BF2830041D656 /* CGFloatTypeSpec.m */; };
		9B87CD2F487E402289B42D7A /* libPods-CGFloatTypeTests.a in Frameworks */ = {isa = PBXBuildFile; fileRef = 1F6B79037831430FA6BE0CC5 /* libPods-CGFloatTypeTests.a */; };
/* End PBXBuildFile section */

/* Begin PBXFileReference section */
		127A8B71681B4B06B5B03D24 /* Pods-CGFloatTypeTests.xcconfig */ = {isa = PBXFileReference; includeInIndex = 1; lastKnownFileType = text.xcconfig; name = "Pods-CGFloatTypeTests.xcconfig"; path = "Pods/Pods-CGFloatTypeTests.xcconfig"; sourceTree = "<group>"; };
		1F6B79037831430FA6BE0CC5 /* libPods-CGFloatTypeTests.a */ = {isa = PBXFileReference; explicitFileType = archive.ar; includeInIndex = 0; path = "libPods-CGFloatTypeTests.a"; sourceTree = BUILT_PRODUCTS_DIR; };
		771DDD92190BF19E0041D656 /* CGFloatTypeTests.xctest */ = {isa = PBXFileReference; explicitFileType = wrapper.cfbundle; includeInIndex = 0; path = CGFloatTypeTests.xctest; sourceTree = BUILT_PRODUCTS_DIR; };
		771DDD95190BF19E0041D656 /* XCTest.framework */ = {isa = PBXFileReference; lastKnownFileType = wrapper.framework; name = XCTest.framework; path = Library/Frameworks/XCTest.framework; sourceTree = DEVELOPER_DIR; };
		771DDD99190BF19E0041D656 /* CGFloatTypeTests-Info.plist */ = {isa = PBXFileReference; lastKnownFileType = text.plist.xml; path = "CGFloatTypeTests-Info.plist"; sourceTree = "<group>"; };
		771DDD9B190BF19E0041D656 /* en */ = {isa = PBXFileReference; lastKnownFileType = text.plist.strings; name = en; path = en.lproj/InfoPlist.strings; sourceTree = "<group>"; };
		771DDD9F190BF19E0041D656 /* CGFloatTypeTests-Prefix.pch */ = {isa = PBXFileReference; lastKnownFileType = sourcecode.c.h; path = "CGFloatTypeTests-Prefix.pch"; sourceTree = "<group>"; };
		771DDDA3190BF2830041D656 /* CGFloatTypeSpec.m */ = {isa = PBXFileReference; fileEncoding = 4; lastKnownFileType = sourcecode.c.objc; path = CGFloatTypeSpec.m; sourceTree = "<group>"; };
/* End PBXFileReference section */

/* Begin PBXFrameworksBuildPhase section */
		771DDD8F190BF19E0041D656 /* Frameworks */ = {
			isa = PBXFrameworksBuildPhase;
			buildActionMask = 2147483647;
			files = (
				771DDD96190BF19E0041D656 /* XCTest.framework in Frameworks */,
				9B87CD2F487E402289B42D7A /* libPods-CGFloatTypeTests.a in Frameworks */,
			);
			runOnlyForDeploymentPostprocessing = 0;
		};
/* End PBXFrameworksBuildPhase section */

/* Begin PBXGroup section */
		771DDD87190BF1830041D656 = {
			isa = PBXGroup;
			children = (
				771DDD97190BF19E0041D656 /* CGFloatTypeTests */,
				771DDD94190BF19E0041D656 /* Frameworks */,
				771DDD93190BF19E0041D656 /* Products */,
				127A8B71681B4B06B5B03D24 /* Pods-CGFloatTypeTests.xcconfig */,
			);
			sourceTree = "<group>";
		};
		771DDD93190BF19E0041D656 /* Products */ = {
			isa = PBXGroup;
			children = (
				771DDD92190BF19E0041D656 /* CGFloatTypeTests.xctest */,
			);
			name = Products;
			sourceTree = "<group>";
		};
		771DDD94190BF19E0041D656 /* Frameworks */ = {
			isa = PBXGroup;
			children = (
				771DDD95190BF19E0041D656 /* XCTest.framework */,
				1F6B79037831430FA6BE0CC5 /* libPods-CGFloatTypeTests.a */,
			);
			name = Frameworks;
			sourceTree = "<group>";
		};
		771DDD97190BF19E0041D656 /* CGFloatTypeTests */ = {
			isa = PBXGroup;
			children = (
				771DDDA3190BF2830041D656 /* CGFloatTypeSpec.m */,
				771DDD98190BF19E0041D656 /* Supporting Files */,
			);
			path = CGFloatTypeTests;
			sourceTree = "<group>";
		};
		771DDD98190BF19E0041D656 /* Supporting Files */ = {
			isa = PBXGroup;
			children = (
				771DDD99190BF19E0041D656 /* CGFloatTypeTests-Info.plist */,
				771DDD9A190BF19E0041D656 /* InfoPlist.strings */,
				771DDD9F190BF19E0041D656 /* CGFloatTypeTests-Prefix.pch */,
			);
			name = "Supporting Files";
			sourceTree = "<group>";
		};
/* End PBXGroup section */

/* Begin PBXNativeTarget section */
		771DDD91190BF19E0041D656 /* CGFloatTypeTests */ = {
			isa = PBXNativeTarget;
			buildConfigurationList = 771DDDA0190BF19E0041D656 /* Build configuration list for PBXNativeTarget "CGFloatTypeTests" */;
			buildPhases = (
				7357E307BB0A411693A0ABF4 /* Check Pods Manifest.lock */,
				771DDD8E190BF19E0041D656 /* Sources */,
				771DDD8F190BF19E0041D656 /* Frameworks */,
				771DDD90190BF19E0041D656 /* Resources */,
				CBC076E446E94E8FA206532E /* Copy Pods Resources */,
			);
			buildRules = (
			);
			dependencies = (
			);
			name = CGFloatTypeTests;
			productName = CGFloatTypeTests;
			productReference = 771DDD92190BF19E0041D656 /* CGFloatTypeTests.xctest */;
			productType = "com.apple.product-type.bundle.unit-test";
		};
/* End PBXNativeTarget section */

/* Begin PBXProject section */
		771DDD88190BF1830041D656 /* Project object */ = {
			isa = PBXProject;
			attributes = {
				LastUpgradeCheck = 0510;
			};
			buildConfigurationList = 771DDD8B190BF1830041D656 /* Build configuration list for PBXProject "CGFloatType" */;
			compatibilityVersion = "Xcode 3.2";
			developmentRegion = English;
			hasScannedForEncodings = 0;
			knownRegions = (
				en,
			);
			mainGroup = 771DDD87190BF1830041D656;
			productRefGroup = 771DDD93190BF19E0041D656 /* Products */;
			projectDirPath = "";
			projectRoot = "";
			targets = (
				771DDD91190BF19E0041D656 /* CGFloatTypeTests */,
			);
		};
/* End PBXProject section */

/* Begin PBXResourcesBuildPhase section */
		771DDD90190BF19E0041D656 /* Resources */ = {
			isa = PBXResourcesBuildPhase;
			buildActionMask = 2147483647;
			files = (
				771DDD9C190BF19E0041D656 /* InfoPlist.strings in Resources */,
			);
			runOnlyForDeploymentPostprocessing = 0;
		};
/* End PBXResourcesBuildPhase section */

/* Begin PBXShellScriptBuildPhase section */
		7357E307BB0A411693A0ABF4 /* Check Pods Manifest.lock */ = {
			isa = PBXShellScriptBuildPhase;
			buildActionMask = 2147483647;
			files = (
			);
			inputPaths = (
			);
			name = "Check Pods Manifest.lock";
			outputPaths = (
			);
			runOnlyForDeploymentPostprocessing = 0;
			shellPath = /bin/sh;
			shellScript = "diff \"${PODS_ROOT}/../Podfile.lock\" \"${PODS_ROOT}/Manifest.lock\" > /dev/null\nif [[ $? != 0 ]] ; then\n    cat << EOM\nerror: The sandbox is not in sync with the Podfile.lock. Run 'pod install' or update your CocoaPods installation.\nEOM\n    exit 1\nfi\n";
			showEnvVarsInLog = 0;
		};
		CBC076E446E94E8FA206532E /* Copy Pods Resources */ = {
			isa = PBXShellScriptBuildPhase;
			buildActionMask = 2147483647;
			files = (
			);
			inputPaths = (
			);
			name = "Copy Pods Resources";
			outputPaths = (
			);
			runOnlyForDeploymentPostprocessing = 0;
			shellPath = /bin/sh;
			shellScript = "\"${SRCROOT}/Pods/Pods-CGFloatTypeTests-resources.sh\"\n";
			showEnvVarsInLog = 0;
		};
/* End PBXShellScriptBuildPhase section */

/* Begin PBXSourcesBuildPhase section */
		771DDD8E190BF19E0041D656 /* Sources */ = {
			isa = PBXSourcesBuildPhase;
			buildActionMask = 2147483647;
			files = (
				771DDDA4190BF2830041D656 /* CGFloatTypeSpec.m in Sources */,
			);
			runOnlyForDeploymentPostprocessing = 0;
		};
/* End PBXSourcesBuildPhase section */

/* Begin PBXVariantGroup section */
		771DDD9A190BF19E0041D656 /* InfoPlist.strings */ = {
			isa = PBXVariantGroup;
			children = (
				771DDD9B190BF19E0041D656 /* en */,
			);
			name = InfoPlist.strings;
			sourceTree = "<group>";
		};
/* End PBXVariantGroup section */

/* Begin XCBuildConfiguration section */
		771DDD8C190BF1830041D656 /* Debug */ = {
			isa = XCBuildConfiguration;
			buildSettings = {
				GCC_GENERATE_TEST_COVERAGE_FILES = YES;
				GCC_INSTRUMENT_PROGRAM_FLOW_ARCS = YES;
			};
			name = Debug;
		};
		771DDD8D190BF1830041D656 /* Release */ = {
			isa = XCBuildConfiguration;
			buildSettings = {
				GCC_GENERATE_TEST_COVERAGE_FILES = YES;
				GCC_INSTRUMENT_PROGRAM_FLOW_ARCS = YES;
			};
			name = Release;
		};
		771DDDA1190BF19E0041D656 /* Debug */ = {
			isa = XCBuildConfiguration;
			baseConfigurationReference = 127A8B71681B4B06B5B03D24 /* Pods-CGFloatTypeTests.xcconfig */;
			buildSettings = {
				ALWAYS_SEARCH_USER_PATHS = NO;
				CLANG_CXX_LANGUAGE_STANDARD = "gnu++0x";
				CLANG_CXX_LIBRARY = "libc++";
				CLANG_ENABLE_MODULES = YES;
				CLANG_ENABLE_OBJC_ARC = YES;
				CLANG_WARN_BOOL_CONVERSION = YES;
				CLANG_WARN_CONSTANT_CONVERSION = YES;
				CLANG_WARN_DIRECT_OBJC_ISA_USAGE = YES_ERROR;
				CLANG_WARN_EMPTY_BODY = YES;
				CLANG_WARN_ENUM_CONVERSION = YES;
				CLANG_WARN_INT_CONVERSION = YES;
				CLANG_WARN_OBJC_ROOT_CLASS = YES_ERROR;
				CLANG_WARN__DUPLICATE_METHOD_MATCH = YES;
				COPY_PHASE_STRIP = NO;
				FRAMEWORK_SEARCH_PATHS = (
					"$(DEVELOPER_FRAMEWORKS_DIR)",
					"$(inherited)",
				);
				GCC_C_LANGUAGE_STANDARD = gnu99;
				GCC_DYNAMIC_NO_PIC = NO;
				GCC_ENABLE_OBJC_EXCEPTIONS = YES;
				GCC_OPTIMIZATION_LEVEL = 0;
				GCC_PRECOMPILE_PREFIX_HEADER = YES;
				GCC_PREFIX_HEADER = "CGFloatTypeTests/CGFloatTypeTests-Prefix.pch";
				GCC_PREPROCESSOR_DEFINITIONS = (
					"DEBUG=1",
					"$(inherited)",
				);
				GCC_SYMBOLS_PRIVATE_EXTERN = NO;
				GCC_WARN_64_TO_32_BIT_CONVERSION = YES;
				GCC_WARN_ABOUT_RETURN_TYPE = YES_ERROR;
				GCC_WARN_UNDECLARED_SELECTOR = YES;
				GCC_WARN_UNINITIALIZED_AUTOS = YES_AGGRESSIVE;
				GCC_WARN_UNUSED_FUNCTION = YES;
				GCC_WARN_UNUSED_VARIABLE = YES;
				INFOPLIST_FILE = "CGFloatTypeTests/CGFloatTypeTests-Info.plist";
				MACOSX_DEPLOYMENT_TARGET = 10.9;
				ONLY_ACTIVE_ARCH = YES;
				PRODUCT_NAME = "$(TARGET_NAME)";
				SDKROOT = macosx;
				WRAPPER_EXTENSION = xctest;
			};
			name = Debug;
		};
		771DDDA2190BF19E0041D656 /* Release */ = {
			isa = XCBuildConfiguration;
			baseConfigurationReference = 127A8B71681B4B06B5B03D24 /* Pods-CGFloatTypeTests.xcconfig */;
			buildSettings = {
				ALWAYS_SEARCH_USER_PATHS = NO;
				CLANG_CXX_LANGUAGE_STANDARD = "gnu++0x";
				CLANG_CXX_LIBRARY = "libc++";
				CLANG_ENABLE_MODULES = YES;
				CLANG_ENABLE_OBJC_ARC = YES;
				CLANG_WARN_BOOL_CONVERSION = YES;
				CLANG_WARN_CONSTANT_CONVERSION = YES;
				CLANG_WARN_DIRECT_OBJC_ISA_USAGE = YES_ERROR;
				CLANG_WARN_EMPTY_BODY = YES;
				CLANG_WARN_ENUM_CONVERSION = YES;
				CLANG_WARN_INT_CONVERSION = YES;
				CLANG_WARN_OBJC_ROOT_CLASS = YES_ERROR;
				CLANG_WARN__DUPLICATE_METHOD_MATCH = YES;
				COPY_PHASE_STRIP = YES;
				DEBUG_INFORMATION_FORMAT = "dwarf-with-dsym";
				ENABLE_NS_ASSERTIONS = NO;
				FRAMEWORK_SEARCH_PATHS = (
					"$(DEVELOPER_FRAMEWORKS_DIR)",
					"$(inherited)",
				);
				GCC_C_LANGUAGE_STANDARD = gnu99;
				GCC_ENABLE_OBJC_EXCEPTIONS = YES;
				GCC_PRECOMPILE_PREFIX_HEADER = YES;
				GCC_PREFIX_HEADER = "CGFloatTypeTests/CGFloatTypeTests-Prefix.pch";
				GCC_WARN_64_TO_32_BIT_CONVERSION = YES;
				GCC_WARN_ABOUT_RETURN_TYPE = YES_ERROR;
				GCC_WARN_UNDECLARED_SELECTOR = YES;
				GCC_WARN_UNINITIALIZED_AUTOS = YES_AGGRESSIVE;
				GCC_WARN_UNUSED_FUNCTION = YES;
				GCC_WARN_UNUSED_VARIABLE = YES;
				INFOPLIST_FILE = "CGFloatTypeTests/CGFloatTypeTests-Info.plist";
				MACOSX_DEPLOYMENT_TARGET = 10.9;
				PRODUCT_NAME = "$(TARGET_NAME)";
				SDKROOT = macosx;
				WRAPPER_EXTENSION = xctest;
			};
			name = Release;
		};
/* End XCBuildConfiguration section */

/* Begin XCConfigurationList section */
		771DDD8B190BF1830041D656 /* Build configuration list for PBXProject "CGFloatType" */ = {
			isa = XCConfigurationList;
			buildConfigurations = (
				771DDD8C190BF1830041D656 /* Debug */,
				771DDD8D190BF1830041D656 /* Release */,
			);
			defaultConfigurationIsVisible = 0;
			defaultConfigurationName = Release;
		};
		771DDDA0190BF19E0041D656 /* Build configuration list for PBXNativeTarget "CGFloatTypeTests" */ = {
			isa = XCConfigurationList;
			buildConfigurations = (
				771DDDA1190BF19E0041D656 /* Debug */,
				771DDDA2190BF19E0041D656 /* Release */,
			);
			defaultConfigurationIsVisible = 0;
			defaultConfigurationName = Release;
		};
/* End XCConfigurationList section */
	};
	rootObject = 771DDD88190BF1830041D656 /* Project object */;
}
